{
  "pins" : [
    {
      "identity" : "lottie-spm",
      "kind" : "remoteSourceControl",
      "location" : "https://github.com/airbnb/lottie-spm.git",
      "state" : {
        "revision" : "f2b51cea3a3da8516d9f63f7cec1fabcdcf704dc",
        "version" : "4.1.2"
      }
    }
  ],
  "version" : 2
}
